
Microsoft Visual Studio Solution File, Format Version 12.00
# Visual Studio Version 17
VisualStudioVersion = 17.6.33801.468
MinimumVisualStudioVersion = 10.0.40219.1
Project("{FAE04EC0-301F-11D3-BF4B-00C04F79EFBC}") = "BookManager", "BookManager\BookManager.csproj", "{A234F3AD-6D59-4890-AE64-24E9AD820328}"
EndProject
Project("{FAE04EC0-301F-11D3-BF4B-00C04F79EFBC}") = "BookApp.Data", "BookApp.Data\BookApp.Data.csproj", "{01CAE9FE-45D9-4632-A129-55DC32F6782A}"
EndProject
Global
	GlobalSection(SolutionConfigurationPlatforms) = preSolution
		Debug|Any CPU = Debug|Any CPU
		Release|Any CPU = Release|Any CPU
	EndGlobalSection
	GlobalSection(ProjectConfigurationPlatforms) = postSolution
		{A234F3AD-6D59-4890-AE64-24E9AD820328}.Debug|Any CPU.ActiveCfg = Debug|Any CPU
		{A234F3AD-6D59-4890-AE64-24E9AD820328}.Debug|Any CPU.Build.0 = Debug|Any CPU
		{A234F3AD-6D59-4890-AE64-24E9AD820328}.Release|Any CPU.ActiveCfg = Release|Any CPU
		{A234F3AD-6D59-4890-AE64-24E9AD820328}.Release|Any CPU.Build.0 = Release|Any CPU
		{01CAE9FE-45D9-4632-A129-55DC32F6782A}.Debug|Any CPU.ActiveCfg = Debug|Any CPU
		{01CAE9FE-45D9-4632-A129-55DC32F6782A}.Debug|Any CPU.Build.0 = Debug|Any CPU
		{01CAE9FE-45D9-4632-A129-55DC32F6782A}.Release|Any CPU.ActiveCfg = Release|Any CPU
		{01CAE9FE-45D9-4632-A129-55DC32F6782A}.Release|Any CPU.Build.0 = Release|Any CPU
	EndGlobalSection
	GlobalSection(SolutionProperties) = preSolution
		HideSolutionNode = FALSE
	EndGlobalSection
	GlobalSection(ExtensibilityGlobals) = postSolution
		SolutionGuid = {7329EECE-CCFD-47A7-BCD8-D642FC6EA1C3}
	EndGlobalSection
EndGlobal
